
Microsoft Visual Studio Solution File, Format Version 12.00
# Visual Studio Version 16
VisualStudioVersion = 16.0.30011.22
MinimumVisualStudioVersion = 10.0.40219.1
Project("{FAE04EC0-301F-11D3-BF4B-00C04F79EFBC}") = "bai1", "bai1\bai1.csproj", "{064628F2-999F-4617-93B0-ED287570B470}"
EndProject
Project("{FAE04EC0-301F-11D3-BF4B-00C04F79EFBC}") = "lab5", "..\lab5\lab5\lab5.csproj", "{CCF62B2B-11C3-480C-8393-649340884149}"
EndProject
Project("{FAE04EC0-301F-11D3-BF4B-00C04F79EFBC}") = "u28", "..\lab6\bai1\u28\u28.csproj", "{0A364ABA-50E0-4456-991C-57FABBD6CB23}"
EndProject
Project("{FAE04EC0-301F-11D3-BF4B-00C04F79EFBC}") = "u31", "..\lab6\bai2\u31\u31.csproj", "{BA48C0D0-EAA7-486E-9E2C-09A39A42528D}"
EndProject
Project("{FAE04EC0-301F-11D3-BF4B-00C04F79EFBC}") = "bai3", "..\lab6\bai3\bai3\bai3.csproj", "{190148EA-70D1-42EC-BE92-CE337F4EDD82}"
EndProject
Project("{FAE04EC0-301F-11D3-BF4B-00C04F79EFBC}") = "lab7", "..\lab7\bai1\lab7\lab7.csproj", "{1457A23A-9600-4593-9F40-29615B71804A}"
EndProject
Project("{FAE04EC0-301F-11D3-BF4B-00C04F79EFBC}") = "lab7-2", "..\lab7\bai2\lab7-2\lab7-2.csproj", "{83DC8667-EB6A-4EA9-A489-E836E660FAB1}"
EndProject
Project("{FAE04EC0-301F-11D3-BF4B-00C04F79EFBC}") = "U41", "..\lab7\U41\U41\U41.csproj", "{F6B06069-110D-4A65-AD62-44A906167DE8}"
EndProject
Project("{FAE04EC0-301F-11D3-BF4B-00C04F79EFBC}") = "lab8", "lab8\bai1\lab8\lab8.csproj", "{1ABE6B61-F94A-40E9-BD0F-37AA08E86886}"
EndProject
Project("{FAE04EC0-301F-11D3-BF4B-00C04F79EFBC}") = "lab8-02", "..\lab8\bai2\lab8-02\lab8-02.csproj", "{88C6C04C-2AD3-43FE-B931-DFFF43100081}"
EndProject
Project("{FAE04EC0-301F-11D3-BF4B-00C04F79EFBC}") = "lab9", "lab9\lab9\lab9.csproj", "{5005F42F-BE20-4FDB-B763-ED8E2B12AF7D}"
EndProject
Project("{FAE04EC0-301F-11D3-BF4B-00C04F79EFBC}") = "bai9", "..\lab9\bai9\bai9.csproj", "{86F34B10-54EC-4EDB-8C2E-6F78BDFC2C90}"
EndProject
Project("{FAE04EC0-301F-11D3-BF4B-00C04F79EFBC}") = "lab10", "..\lab10\lab10\lab10.csproj", "{B6C59BE6-477C-4391-B975-8F072A5ED0F8}"
EndProject
Global
	GlobalSection(SolutionConfigurationPlatforms) = preSolution
		Debug|ARM = Debug|ARM
		Debug|ARM64 = Debug|ARM64
		Debug|x64 = Debug|x64
		Debug|x86 = Debug|x86
		Release|ARM = Release|ARM
		Release|ARM64 = Release|ARM64
		Release|x64 = Release|x64
		Release|x86 = Release|x86
	EndGlobalSection
	GlobalSection(ProjectConfigurationPlatforms) = postSolution
		{064628F2-999F-4617-93B0-ED287570B470}.Debug|ARM.ActiveCfg = Debug|ARM
		{064628F2-999F-4617-93B0-ED287570B470}.Debug|ARM.Build.0 = Debug|ARM
		{064628F2-999F-4617-93B0-ED287570B470}.Debug|ARM.Deploy.0 = Debug|ARM
		{064628F2-999F-4617-93B0-ED287570B470}.Debug|ARM64.ActiveCfg = Debug|ARM64
		{064628F2-999F-4617-93B0-ED287570B470}.Debug|ARM64.Build.0 = Debug|ARM64
		{064628F2-999F-4617-93B0-ED287570B470}.Debug|ARM64.Deploy.0 = Debug|ARM64
		{064628F2-999F-4617-93B0-ED287570B470}.Debug|x64.ActiveCfg = Debug|x64
		{064628F2-999F-4617-93B0-ED287570B470}.Debug|x64.Build.0 = Debug|x64
		{064628F2-999F-4617-93B0-ED287570B470}.Debug|x64.Deploy.0 = Debug|x64
		{064628F2-999F-4617-93B0-ED287570B470}.Debug|x86.ActiveCfg = Debug|x86
		{064628F2-999F-4617-93B0-ED287570B470}.Debug|x86.Build.0 = Debug|x86
		{064628F2-999F-4617-93B0-ED287570B470}.Debug|x86.Deploy.0 = Debug|x86
		{064628F2-999F-4617-93B0-ED287570B470}.Release|ARM.ActiveCfg = Release|ARM
		{064628F2-999F-4617-93B0-ED287570B470}.Release|ARM.Build.0 = Release|ARM
		{064628F2-999F-4617-93B0-ED287570B470}.Release|ARM.Deploy.0 = Release|ARM
		{064628F2-999F-4617-93B0-ED287570B470}.Release|ARM64.ActiveCfg = Release|ARM64
		{064628F2-999F-4617-93B0-ED287570B470}.Release|ARM64.Build.0 = Release|ARM64
		{064628F2-999F-4617-93B0-ED287570B470}.Release|ARM64.Deploy.0 = Release|ARM64
		{064628F2-999F-4617-93B0-ED287570B470}.Release|x64.ActiveCfg = Release|x64
		{064628F2-999F-4617-93B0-ED287570B470}.Release|x64.Build.0 = Release|x64
		{064628F2-999F-4617-93B0-ED287570B470}.Release|x64.Deploy.0 = Release|x64
		{064628F2-999F-4617-93B0-ED287570B470}.Release|x86.ActiveCfg = Release|x86
		{064628F2-999F-4617-93B0-ED287570B470}.Release|x86.Build.0 = Release|x86
		{064628F2-999F-4617-93B0-ED287570B470}.Release|x86.Deploy.0 = Release|x86
		{CCF62B2B-11C3-480C-8393-649340884149}.Debug|ARM.ActiveCfg = Debug|ARM
		{CCF62B2B-11C3-480C-8393-649340884149}.Debug|ARM.Build.0 = Debug|ARM
		{CCF62B2B-11C3-480C-8393-649340884149}.Debug|ARM.Deploy.0 = Debug|ARM
		{CCF62B2B-11C3-480C-8393-649340884149}.Debug|ARM64.ActiveCfg = Debug|ARM64
		{CCF62B2B-11C3-480C-8393-649340884149}.Debug|ARM64.Build.0 = Debug|ARM64
		{CCF62B2B-11C3-480C-8393-649340884149}.Debug|ARM64.Deploy.0 = Debug|ARM64
		{CCF62B2B-11C3-480C-8393-649340884149}.Debug|x64.ActiveCfg = Debug|x64
		{CCF62B2B-11C3-480C-8393-649340884149}.Debug|x64.Build.0 = Debug|x64
		{CCF62B2B-11C3-480C-8393-649340884149}.Debug|x64.Deploy.0 = Debug|x64
		{CCF62B2B-11C3-480C-8393-649340884149}.Debug|x86.ActiveCfg = Debug|x86
		{CCF62B2B-11C3-480C-8393-649340884149}.Debug|x86.Build.0 = Debug|x86
		{CCF62B2B-11C3-480C-8393-649340884149}.Debug|x86.Deploy.0 = Debug|x86
		{CCF62B2B-11C3-480C-8393-649340884149}.Release|ARM.ActiveCfg = Release|ARM
		{CCF62B2B-11C3-480C-8393-649340884149}.Release|ARM.Build.0 = Release|ARM
		{CCF62B2B-11C3-480C-8393-649340884149}.Release|ARM.Deploy.0 = Release|ARM
		{CCF62B2B-11C3-480C-8393-649340884149}.Release|ARM64.ActiveCfg = Release|ARM64
		{CCF62B2B-11C3-480C-8393-649340884149}.Release|ARM64.Build.0 = Release|ARM64
		{CCF62B2B-11C3-480C-8393-649340884149}.Release|ARM64.Deploy.0 = Release|ARM64
		{CCF62B2B-11C3-480C-8393-649340884149}.Release|x64.ActiveCfg = Release|x64
		{CCF62B2B-11C3-480C-8393-649340884149}.Release|x64.Build.0 = Release|x64
		{CCF62B2B-11C3-480C-8393-649340884149}.Release|x64.Deploy.0 = Release|x64
		{CCF62B2B-11C3-480C-8393-649340884149}.Release|x86.ActiveCfg = Release|x86
		{CCF62B2B-11C3-480C-8393-649340884149}.Release|x86.Build.0 = Release|x86
		{CCF62B2B-11C3-480C-8393-649340884149}.Release|x86.Deploy.0 = Release|x86
		{0A364ABA-50E0-4456-991C-57FABBD6CB23}.Debug|ARM.ActiveCfg = Debug|ARM
		{0A364ABA-50E0-4456-991C-57FABBD6CB23}.Debug|ARM.Build.0 = Debug|ARM
		{0A364ABA-50E0-4456-991C-57FABBD6CB23}.Debug|ARM.Deploy.0 = Debug|ARM
		{0A364ABA-50E0-4456-991C-57FABBD6CB23}.Debug|ARM64.ActiveCfg = Debug|ARM64
		{0A364ABA-50E0-4456-991C-57FABBD6CB23}.Debug|ARM64.Build.0 = Debug|ARM64
		{0A364ABA-50E0-4456-991C-57FABBD6CB23}.Debug|ARM64.Deploy.0 = Debug|ARM64
		{0A364ABA-50E0-4456-991C-57FABBD6CB23}.Debug|x64.ActiveCfg = Debug|x64
		{0A364ABA-50E0-4456-991C-57FABBD6CB23}.Debug|x64.Build.0 = Debug|x64
		{0A364ABA-50E0-4456-991C-57FABBD6CB23}.Debug|x64.Deploy.0 = Debug|x64
		{0A364ABA-50E0-4456-991C-57FABBD6CB23}.Debug|x86.ActiveCfg = Debug|x86
		{0A364ABA-50E0-4456-991C-57FABBD6CB23}.Debug|x86.Build.0 = Debug|x86
		{0A364ABA-50E0-4456-991C-57FABBD6CB23}.Debug|x86.Deploy.0 = Debug|x86
		{0A364ABA-50E0-4456-991C-57FABBD6CB23}.Release|ARM.ActiveCfg = Release|ARM
		{0A364ABA-50E0-4456-991C-57FABBD6CB23}.Release|ARM.Build.0 = Release|ARM
		{0A364ABA-50E0-4456-991C-57FABBD6CB23}.Release|ARM.Deploy.0 = Release|ARM
		{0A364ABA-50E0-4456-991C-57FABBD6CB23}.Release|ARM64.ActiveCfg = Release|ARM64
		{0A364ABA-50E0-4456-991C-57FABBD6CB23}.Release|ARM64.Build.0 = Release|ARM64
		{0A364ABA-50E0-4456-991C-57FABBD6CB23}.Release|ARM64.Deploy.0 = Release|ARM64
		{0A364ABA-50E0-4456-991C-57FABBD6CB23}.Release|x64.ActiveCfg = Release|x64
		{0A364ABA-50E0-4456-991C-57FABBD6CB23}.Release|x64.Build.0 = Release|x64
		{0A364ABA-50E0-4456-991C-57FABBD6CB23}.Release|x64.Deploy.0 = Release|x64
		{0A364ABA-50E0-4456-991C-57FABBD6CB23}.Release|x86.ActiveCfg = Release|x86
		{0A364ABA-50E0-4456-991C-57FABBD6CB23}.Release|x86.Build.0 = Release|x86
		{0A364ABA-50E0-4456-991C-57FABBD6CB23}.Release|x86.Deploy.0 = Release|x86
		{BA48C0D0-EAA7-486E-9E2C-09A39A42528D}.Debug|ARM.ActiveCfg = Debug|ARM
		{BA48C0D0-EAA7-486E-9E2C-09A39A42528D}.Debug|ARM.Build.0 = Debug|ARM
		{BA48C0D0-EAA7-486E-9E2C-09A39A42528D}.Debug|ARM.Deploy.0 = Debug|ARM
		{BA48C0D0-EAA7-486E-9E2C-09A39A42528D}.Debug|ARM64.ActiveCfg = Debug|ARM64
		{BA48C0D0-EAA7-486E-9E2C-09A39A42528D}.Debug|ARM64.Build.0 = Debug|ARM64
		{BA48C0D0-EAA7-486E-9E2C-09A39A42528D}.Debug|ARM64.Deploy.0 = Debug|ARM64
		{BA48C0D0-EAA7-486E-9E2C-09A39A42528D}.Debug|x64.ActiveCfg = Debug|x64
		{BA48C0D0-EAA7-486E-9E2C-09A39A42528D}.Debug|x64.Build.0 = Debug|x64
		{BA48C0D0-EAA7-486E-9E2C-09A39A42528D}.Debug|x64.Deploy.0 = Debug|x64
		{BA48C0D0-EAA7-486E-9E2C-09A39A42528D}.Debug|x86.ActiveCfg = Debug|x86
		{BA48C0D0-EAA7-486E-9E2C-09A39A42528D}.Debug|x86.Build.0 = Debug|x86
		{BA48C0D0-EAA7-486E-9E2C-09A39A42528D}.Debug|x86.Deploy.0 = Debug|x86
		{BA48C0D0-EAA7-486E-9E2C-09A39A42528D}.Release|ARM.ActiveCfg = Release|ARM
		{BA48C0D0-EAA7-486E-9E2C-09A39A42528D}.Release|ARM.Build.0 = Release|ARM
		{BA48C0D0-EAA7-486E-9E2C-09A39A42528D}.Release|ARM.Deploy.0 = Release|ARM
		{BA48C0D0-EAA7-486E-9E2C-09A39A42528D}.Release|ARM64.ActiveCfg = Release|ARM64
		{BA48C0D0-EAA7-486E-9E2C-09A39A42528D}.Release|ARM64.Build.0 = Release|ARM64
		{BA48C0D0-EAA7-486E-9E2C-09A39A42528D}.Release|ARM64.Deploy.0 = Release|ARM64
		{BA48C0D0-EAA7-486E-9E2C-09A39A42528D}.Release|x64.ActiveCfg = Release|x64
		{BA48C0D0-EAA7-486E-9E2C-09A39A42528D}.Release|x64.Build.0 = Release|x64
		{BA48C0D0-EAA7-486E-9E2C-09A39A42528D}.Release|x64.Deploy.0 = Release|x64
		{BA48C0D0-EAA7-486E-9E2C-09A39A42528D}.Release|x86.ActiveCfg = Release|x86
		{BA48C0D0-EAA7-486E-9E2C-09A39A42528D}.Release|x86.Build.0 = Release|x86
		{BA48C0D0-EAA7-486E-9E2C-09A39A42528D}.Release|x86.Deploy.0 = Release|x86
		{190148EA-70D1-42EC-BE92-CE337F4EDD82}.Debug|ARM.ActiveCfg = Debug|ARM
		{190148EA-70D1-42EC-BE92-CE337F4EDD82}.Debug|ARM.Build.0 = Debug|ARM
		{190148EA-70D1-42EC-BE92-CE337F4EDD82}.Debug|ARM.Deploy.0 = Debug|ARM
		{190148EA-70D1-42EC-BE92-CE337F4EDD82}.Debug|ARM64.ActiveCfg = Debug|ARM64
		{190148EA-70D1-42EC-BE92-CE337F4EDD82}.Debug|ARM64.Build.0 = Debug|ARM64
		{190148EA-70D1-42EC-BE92-CE337F4EDD82}.Debug|ARM64.Deploy.0 = Debug|ARM64
		{190148EA-70D1-42EC-BE92-CE337F4EDD82}.Debug|x64.ActiveCfg = Debug|x64
		{190148EA-70D1-42EC-BE92-CE337F4EDD82}.Debug|x64.Build.0 = Debug|x64
		{190148EA-70D1-42EC-BE92-CE337F4EDD82}.Debug|x64.Deploy.0 = Debug|x64
		{190148EA-70D1-42EC-BE92-CE337F4EDD82}.Debug|x86.ActiveCfg = Debug|x86
		{190148EA-70D1-42EC-BE92-CE337F4EDD82}.Debug|x86.Build.0 = Debug|x86
		{190148EA-70D1-42EC-BE92-CE337F4EDD82}.Debug|x86.Deploy.0 = Debug|x86
		{190148EA-70D1-42EC-BE92-CE337F4EDD82}.Release|ARM.ActiveCfg = Release|ARM
		{190148EA-70D1-42EC-BE92-CE337F4EDD82}.Release|ARM.Build.0 = Release|ARM
		{190148EA-70D1-42EC-BE92-CE337F4EDD82}.Release|ARM.Deploy.0 = Release|ARM
		{190148EA-70D1-42EC-BE92-CE337F4EDD82}.Release|ARM64.ActiveCfg = Release|ARM64
		{190148EA-70D1-42EC-BE92-CE337F4EDD82}.Release|ARM64.Build.0 = Release|ARM64
		{190148EA-70D1-42EC-BE92-CE337F4EDD82}.Release|ARM64.Deploy.0 = Release|ARM64
		{190148EA-70D1-42EC-BE92-CE337F4EDD82}.Release|x64.ActiveCfg = Release|x64
		{190148EA-70D1-42EC-BE92-CE337F4EDD82}.Release|x64.Build.0 = Release|x64
		{190148EA-70D1-42EC-BE92-CE337F4EDD82}.Release|x64.Deploy.0 = Release|x64
		{190148EA-70D1-42EC-BE92-CE337F4EDD82}.Release|x86.ActiveCfg = Release|x86
		{190148EA-70D1-42EC-BE92-CE337F4EDD82}.Release|x86.Build.0 = Release|x86
		{190148EA-70D1-42EC-BE92-CE337F4EDD82}.Release|x86.Deploy.0 = Release|x86
		{1457A23A-9600-4593-9F40-29615B71804A}.Debug|ARM.ActiveCfg = Debug|ARM
		{1457A23A-9600-4593-9F40-29615B71804A}.Debug|ARM.Build.0 = Debug|ARM
		{1457A23A-9600-4593-9F40-29615B71804A}.Debug|ARM.Deploy.0 = Debug|ARM
		{1457A23A-9600-4593-9F40-29615B71804A}.Debug|ARM64.ActiveCfg = Debug|ARM64
		{1457A23A-9600-4593-9F40-29615B71804A}.Debug|ARM64.Build.0 = Debug|ARM64
		{1457A23A-9600-4593-9F40-29615B71804A}.Debug|ARM64.Deploy.0 = Debug|ARM64
		{1457A23A-9600-4593-9F40-29615B71804A}.Debug|x64.ActiveCfg = Debug|x64
		{1457A23A-9600-4593-9F40-29615B71804A}.Debug|x64.Build.0 = Debug|x64
		{1457A23A-9600-4593-9F40-29615B71804A}.Debug|x64.Deploy.0 = Debug|x64
		{1457A23A-9600-4593-9F40-29615B71804A}.Debug|x86.ActiveCfg = Debug|x86
		{1457A23A-9600-4593-9F40-29615B71804A}.Debug|x86.Build.0 = Debug|x86
		{1457A23A-9600-4593-9F40-29615B71804A}.Debug|x86.Deploy.0 = Debug|x86
		{1457A23A-9600-4593-9F40-29615B71804A}.Release|ARM.ActiveCfg = Release|ARM
		{1457A23A-9600-4593-9F40-29615B71804A}.Release|ARM.Build.0 = Release|ARM
		{1457A23A-9600-4593-9F40-29615B71804A}.Release|ARM.Deploy.0 = Release|ARM
		{1457A23A-9600-4593-9F40-29615B71804A}.Release|ARM64.ActiveCfg = Release|ARM64
		{1457A23A-9600-4593-9F40-29615B71804A}.Release|ARM64.Build.0 = Release|ARM64
		{1457A23A-9600-4593-9F40-29615B71804A}.Release|ARM64.Deploy.0 = Release|ARM64
		{1457A23A-9600-4593-9F40-29615B71804A}.Release|x64.ActiveCfg = Release|x64
		{1457A23A-9600-4593-9F40-29615B71804A}.Release|x64.Build.0 = Release|x64
		{1457A23A-9600-4593-9F40-29615B71804A}.Release|x64.Deploy.0 = Release|x64
		{1457A23A-9600-4593-9F40-29615B71804A}.Release|x86.ActiveCfg = Release|x86
		{1457A23A-9600-4593-9F40-29615B71804A}.Release|x86.Build.0 = Release|x86
		{1457A23A-9600-4593-9F40-29615B71804A}.Release|x86.Deploy.0 = Release|x86
		{83DC8667-EB6A-4EA9-A489-E836E660FAB1}.Debug|ARM.ActiveCfg = Debug|ARM
		{83DC8667-EB6A-4EA9-A489-E836E660FAB1}.Debug|ARM.Build.0 = Debug|ARM
		{83DC8667-EB6A-4EA9-A489-E836E660FAB1}.Debug|ARM.Deploy.0 = Debug|ARM
		{83DC8667-EB6A-4EA9-A489-E836E660FAB1}.Debug|ARM64.ActiveCfg = Debug|ARM64
		{83DC8667-EB6A-4EA9-A489-E836E660FAB1}.Debug|ARM64.Build.0 = Debug|ARM64
		{83DC8667-EB6A-4EA9-A489-E836E660FAB1}.Debug|ARM64.Deploy.0 = Debug|ARM64
		{83DC8667-EB6A-4EA9-A489-E836E660FAB1}.Debug|x64.ActiveCfg = Debug|x64
		{83DC8667-EB6A-4EA9-A489-E836E660FAB1}.Debug|x64.Build.0 = Debug|x64
		{83DC8667-EB6A-4EA9-A489-E836E660FAB1}.Debug|x64.Deploy.0 = Debug|x64
		{83DC8667-EB6A-4EA9-A489-E836E660FAB1}.Debug|x86.ActiveCfg = Debug|x86
		{83DC8667-EB6A-4EA9-A489-E836E660FAB1}.Debug|x86.Build.0 = Debug|x86
		{83DC8667-EB6A-4EA9-A489-E836E660FAB1}.Debug|x86.Deploy.0 = Debug|x86
		{83DC8667-EB6A-4EA9-A489-E836E660FAB1}.Release|ARM.ActiveCfg = Release|ARM
		{83DC8667-EB6A-4EA9-A489-E836E660FAB1}.Release|ARM.Build.0 = Release|ARM
		{83DC8667-EB6A-4EA9-A489-E836E660FAB1}.Release|ARM.Deploy.0 = Release|ARM
		{83DC8667-EB6A-4EA9-A489-E836E660FAB1}.Release|ARM64.ActiveCfg = Release|ARM64
		{83DC8667-EB6A-4EA9-A489-E836E660FAB1}.Release|ARM64.Build.0 = Release|ARM64
		{83DC8667-EB6A-4EA9-A489-E836E660FAB1}.Release|ARM64.Deploy.0 = Release|ARM64
		{83DC8667-EB6A-4EA9-A489-E836E660FAB1}.Release|x64.ActiveCfg = Release|x64
		{83DC8667-EB6A-4EA9-A489-E836E660FAB1}.Release|x64.Build.0 = Release|x64
		{83DC8667-EB6A-4EA9-A489-E836E660FAB1}.Release|x64.Deploy.0 = Release|x64
		{83DC8667-EB6A-4EA9-A489-E836E660FAB1}.Release|x86.ActiveCfg = Release|x86
		{83DC8667-EB6A-4EA9-A489-E836E660FAB1}.Release|x86.Build.0 = Release|x86
		{83DC8667-EB6A-4EA9-A489-E836E660FAB1}.Release|x86.Deploy.0 = Release|x86
		{F6B06069-110D-4A65-AD62-44A906167DE8}.Debug|ARM.ActiveCfg = Debug|ARM
		{F6B06069-110D-4A65-AD62-44A906167DE8}.Debug|ARM.Build.0 = Debug|ARM
		{F6B06069-110D-4A65-AD62-44A906167DE8}.Debug|ARM.Deploy.0 = Debug|ARM
		{F6B06069-110D-4A65-AD62-44A906167DE8}.Debug|ARM64.ActiveCfg = Debug|ARM64
		{F6B06069-110D-4A65-AD62-44A906167DE8}.Debug|ARM64.Build.0 = Debug|ARM64
		{F6B06069-110D-4A65-AD62-44A906167DE8}.Debug|ARM64.Deploy.0 = Debug|ARM64
		{F6B06069-110D-4A65-AD62-44A906167DE8}.Debug|x64.ActiveCfg = Debug|x64
		{F6B06069-110D-4A65-AD62-44A906167DE8}.Debug|x64.Build.0 = Debug|x64
		{F6B06069-110D-4A65-AD62-44A906167DE8}.Debug|x64.Deploy.0 = Debug|x64
		{F6B06069-110D-4A65-AD62-44A906167DE8}.Debug|x86.ActiveCfg = Debug|x86
		{F6B06069-110D-4A65-AD62-44A906167DE8}.Debug|x86.Build.0 = Debug|x86
		{F6B06069-110D-4A65-AD62-44A906167DE8}.Debug|x86.Deploy.0 = Debug|x86
		{F6B06069-110D-4A65-AD62-44A906167DE8}.Release|ARM.ActiveCfg = Release|ARM
		{F6B06069-110D-4A65-AD62-44A906167DE8}.Release|ARM.Build.0 = Release|ARM
		{F6B06069-110D-4A65-AD62-44A906167DE8}.Release|ARM.Deploy.0 = Release|ARM
		{F6B06069-110D-4A65-AD62-44A906167DE8}.Release|ARM64.ActiveCfg = Release|ARM64
		{F6B06069-110D-4A65-AD62-44A906167DE8}.Release|ARM64.Build.0 = Release|ARM64
		{F6B06069-110D-4A65-AD62-44A906167DE8}.Release|ARM64.Deploy.0 = Release|ARM64
		{F6B06069-110D-4A65-AD62-44A906167DE8}.Release|x64.ActiveCfg = Release|x64
		{F6B06069-110D-4A65-AD62-44A906167DE8}.Release|x64.Build.0 = Release|x64
		{F6B06069-110D-4A65-AD62-44A906167DE8}.Release|x64.Deploy.0 = Release|x64
		{F6B06069-110D-4A65-AD62-44A906167DE8}.Release|x86.ActiveCfg = Release|x86
		{F6B06069-110D-4A65-AD62-44A906167DE8}.Release|x86.Build.0 = Release|x86
		{F6B06069-110D-4A65-AD62-44A906167DE8}.Release|x86.Deploy.0 = Release|x86
		{1ABE6B61-F94A-40E9-BD0F-37AA08E86886}.Debug|ARM.ActiveCfg = Debug|ARM
		{1ABE6B61-F94A-40E9-BD0F-37AA08E86886}.Debug|ARM.Build.0 = Debug|ARM
		{1ABE6B61-F94A-40E9-BD0F-37AA08E86886}.Debug|ARM.Deploy.0 = Debug|ARM
		{1ABE6B61-F94A-40E9-BD0F-37AA08E86886}.Debug|ARM64.ActiveCfg = Debug|ARM64
		{1ABE6B61-F94A-40E9-BD0F-37AA08E86886}.Debug|ARM64.Build.0 = Debug|ARM64
		{1ABE6B61-F94A-40E9-BD0F-37AA08E86886}.Debug|ARM64.Deploy.0 = Debug|ARM64
		{1ABE6B61-F94A-40E9-BD0F-37AA08E86886}.Debug|x64.ActiveCfg = Debug|x64
		{1ABE6B61-F94A-40E9-BD0F-37AA08E86886}.Debug|x64.Build.0 = Debug|x64
		{1ABE6B61-F94A-40E9-BD0F-37AA08E86886}.Debug|x64.Deploy.0 = Debug|x64
		{1ABE6B61-F94A-40E9-BD0F-37AA08E86886}.Debug|x86.ActiveCfg = Debug|x86
		{1ABE6B61-F94A-40E9-BD0F-37AA08E86886}.Debug|x86.Build.0 = Debug|x86
		{1ABE6B61-F94A-40E9-BD0F-37AA08E86886}.Debug|x86.Deploy.0 = Debug|x86
		{1ABE6B61-F94A-40E9-BD0F-37AA08E86886}.Release|ARM.ActiveCfg = Release|ARM
		{1ABE6B61-F94A-40E9-BD0F-37AA08E86886}.Release|ARM.Build.0 = Release|ARM
		{1ABE6B61-F94A-40E9-BD0F-37AA08E86886}.Release|ARM.Deploy.0 = Release|ARM
		{1ABE6B61-F94A-40E9-BD0F-37AA08E86886}.Release|ARM64.ActiveCfg = Release|ARM64
		{1ABE6B61-F94A-40E9-BD0F-37AA08E86886}.Release|ARM64.Build.0 = Release|ARM64
		{1ABE6B61-F94A-40E9-BD0F-37AA08E86886}.Release|ARM64.Deploy.0 = Release|ARM64
		{1ABE6B61-F94A-40E9-BD0F-37AA08E86886}.Release|x64.ActiveCfg = Release|x64
		{1ABE6B61-F94A-40E9-BD0F-37AA08E86886}.Release|x64.Build.0 = Release|x64
		{1ABE6B61-F94A-40E9-BD0F-37AA08E86886}.Release|x64.Deploy.0 = Release|x64
		{1ABE6B61-F94A-40E9-BD0F-37AA08E86886}.Release|x86.ActiveCfg = Release|x86
		{1ABE6B61-F94A-40E9-BD0F-37AA08E86886}.Release|x86.Build.0 = Release|x86
		{1ABE6B61-F94A-40E9-BD0F-37AA08E86886}.Release|x86.Deploy.0 = Release|x86
		{88C6C04C-2AD3-43FE-B931-DFFF43100081}.Debug|ARM.ActiveCfg = Debug|ARM
		{88C6C04C-2AD3-43FE-B931-DFFF43100081}.Debug|ARM.Build.0 = Debug|ARM
		{88C6C04C-2AD3-43FE-B931-DFFF43100081}.Debug|ARM.Deploy.0 = Debug|ARM
		{88C6C04C-2AD3-43FE-B931-DFFF43100081}.Debug|ARM64.ActiveCfg = Debug|ARM64
		{88C6C04C-2AD3-43FE-B931-DFFF43100081}.Debug|ARM64.Build.0 = Debug|ARM64
		{88C6C04C-2AD3-43FE-B931-DFFF43100081}.Debug|ARM64.Deploy.0 = Debug|ARM64
		{88C6C04C-2AD3-43FE-B931-DFFF43100081}.Debug|x64.ActiveCfg = Debug|x64
		{88C6C04C-2AD3-43FE-B931-DFFF43100081}.Debug|x64.Build.0 = Debug|x64
		{88C6C04C-2AD3-43FE-B931-DFFF43100081}.Debug|x64.Deploy.0 = Debug|x64
		{88C6C04C-2AD3-43FE-B931-DFFF43100081}.Debug|x86.ActiveCfg = Debug|x86
		{88C6C04C-2AD3-43FE-B931-DFFF43100081}.Debug|x86.Build.0 = Debug|x86
		{88C6C04C-2AD3-43FE-B931-DFFF43100081}.Debug|x86.Deploy.0 = Debug|x86
		{88C6C04C-2AD3-43FE-B931-DFFF43100081}.Release|ARM.ActiveCfg = Release|ARM
		{88C6C04C-2AD3-43FE-B931-DFFF43100081}.Release|ARM.Build.0 = Release|ARM
		{88C6C04C-2AD3-43FE-B931-DFFF43100081}.Release|ARM.Deploy.0 = Release|ARM
		{88C6C04C-2AD3-43FE-B931-DFFF43100081}.Release|ARM64.ActiveCfg = Release|ARM64
		{88C6C04C-2AD3-43FE-B931-DFFF43100081}.Release|ARM64.Build.0 = Release|ARM64
		{88C6C04C-2AD3-43FE-B931-DFFF43100081}.Release|ARM64.Deploy.0 = Release|ARM64
		{88C6C04C-2AD3-43FE-B931-DFFF43100081}.Release|x64.ActiveCfg = Release|x64
		{88C6C04C-2AD3-43FE-B931-DFFF43100081}.Release|x64.Build.0 = Release|x64
		{88C6C04C-2AD3-43FE-B931-DFFF43100081}.Release|x64.Deploy.0 = Release|x64
		{88C6C04C-2AD3-43FE-B931-DFFF43100081}.Release|x86.ActiveCfg = Release|x86
		{88C6C04C-2AD3-43FE-B931-DFFF43100081}.Release|x86.Build.0 = Release|x86
		{88C6C04C-2AD3-43FE-B931-DFFF43100081}.Release|x86.Deploy.0 = Release|x86
		{5005F42F-BE20-4FDB-B763-ED8E2B12AF7D}.Debug|ARM.ActiveCfg = Debug|ARM
		{5005F42F-BE20-4FDB-B763-ED8E2B12AF7D}.Debug|ARM.Build.0 = Debug|ARM
		{5005F42F-BE20-4FDB-B763-ED8E2B12AF7D}.Debug|ARM.Deploy.0 = Debug|ARM
		{5005F42F-BE20-4FDB-B763-ED8E2B12AF7D}.Debug|ARM64.ActiveCfg = Debug|ARM64
		{5005F42F-BE20-4FDB-B763-ED8E2B12AF7D}.Debug|ARM64.Build.0 = Debug|ARM64
		{5005F42F-BE20-4FDB-B763-ED8E2B12AF7D}.Debug|ARM64.Deploy.0 = Debug|ARM64
		{5005F42F-BE20-4FDB-B763-ED8E2B12AF7D}.Debug|x64.ActiveCfg = Debug|x64
		{5005F42F-BE20-4FDB-B763-ED8E2B12AF7D}.Debug|x64.Build.0 = Debug|x64
		{5005F42F-BE20-4FDB-B763-ED8E2B12AF7D}.Debug|x64.Deploy.0 = Debug|x64
		{5005F42F-BE20-4FDB-B763-ED8E2B12AF7D}.Debug|x86.ActiveCfg = Debug|x86
		{5005F42F-BE20-4FDB-B763-ED8E2B12AF7D}.Debug|x86.Build.0 = Debug|x86
		{5005F42F-BE20-4FDB-B763-ED8E2B12AF7D}.Debug|x86.Deploy.0 = Debug|x86
		{5005F42F-BE20-4FDB-B763-ED8E2B12AF7D}.Release|ARM.ActiveCfg = Release|ARM
		{5005F42F-BE20-4FDB-B763-ED8E2B12AF7D}.Release|ARM.Build.0 = Release|ARM
		{5005F42F-BE20-4FDB-B763-ED8E2B12AF7D}.Release|ARM.Deploy.0 = Release|ARM
		{5005F42F-BE20-4FDB-B763-ED8E2B12AF7D}.Release|ARM64.ActiveCfg = Release|ARM64
		{5005F42F-BE20-4FDB-B763-ED8E2B12AF7D}.Release|ARM64.Build.0 = Release|ARM64
		{5005F42F-BE20-4FDB-B763-ED8E2B12AF7D}.Release|ARM64.Deploy.0 = Release|ARM64
		{5005F42F-BE20-4FDB-B763-ED8E2B12AF7D}.Release|x64.ActiveCfg = Release|x64
		{5005F42F-BE20-4FDB-B763-ED8E2B12AF7D}.Release|x64.Build.0 = Release|x64
		{5005F42F-BE20-4FDB-B763-ED8E2B12AF7D}.Release|x64.Deploy.0 = Release|x64
		{5005F42F-BE20-4FDB-B763-ED8E2B12AF7D}.Release|x86.ActiveCfg = Release|x86
		{5005F42F-BE20-4FDB-B763-ED8E2B12AF7D}.Release|x86.Build.0 = Release|x86
		{5005F42F-BE20-4FDB-B763-ED8E2B12AF7D}.Release|x86.Deploy.0 = Release|x86
		{86F34B10-54EC-4EDB-8C2E-6F78BDFC2C90}.Debug|ARM.ActiveCfg = Debug|ARM
		{86F34B10-54EC-4EDB-8C2E-6F78BDFC2C90}.Debug|ARM.Build.0 = Debug|ARM
		{86F34B10-54EC-4EDB-8C2E-6F78BDFC2C90}.Debug|ARM.Deploy.0 = Debug|ARM
		{86F34B10-54EC-4EDB-8C2E-6F78BDFC2C90}.Debug|ARM64.ActiveCfg = Debug|ARM64
		{86F34B10-54EC-4EDB-8C2E-6F78BDFC2C90}.Debug|ARM64.Build.0 = Debug|ARM64
		{86F34B10-54EC-4EDB-8C2E-6F78BDFC2C90}.Debug|ARM64.Deploy.0 = Debug|ARM64
		{86F34B10-54EC-4EDB-8C2E-6F78BDFC2C90}.Debug|x64.ActiveCfg = Debug|x64
		{86F34B10-54EC-4EDB-8C2E-6F78BDFC2C90}.Debug|x64.Build.0 = Debug|x64
		{86F34B10-54EC-4EDB-8C2E-6F78BDFC2C90}.Debug|x64.Deploy.0 = Debug|x64
		{86F34B10-54EC-4EDB-8C2E-6F78BDFC2C90}.Debug|x86.ActiveCfg = Debug|x86
		{86F34B10-54EC-4EDB-8C2E-6F78BDFC2C90}.Debug|x86.Build.0 = Debug|x86
		{86F34B10-54EC-4EDB-8C2E-6F78BDFC2C90}.Debug|x86.Deploy.0 = Debug|x86
		{86F34B10-54EC-4EDB-8C2E-6F78BDFC2C90}.Release|ARM.ActiveCfg = Release|ARM
		{86F34B10-54EC-4EDB-8C2E-6F78BDFC2C90}.Release|ARM.Build.0 = Release|ARM
		{86F34B10-54EC-4EDB-8C2E-6F78BDFC2C90}.Release|ARM.Deploy.0 = Release|ARM
		{86F34B10-54EC-4EDB-8C2E-6F78BDFC2C90}.Release|ARM64.ActiveCfg = Release|ARM64
		{86F34B10-54EC-4EDB-8C2E-6F78BDFC2C90}.Release|ARM64.Build.0 = Release|ARM64
		{86F34B10-54EC-4EDB-8C2E-6F78BDFC2C90}.Release|ARM64.Deploy.0 = Release|ARM64
		{86F34B10-54EC-4EDB-8C2E-6F78BDFC2C90}.Release|x64.ActiveCfg = Release|x64
		{86F34B10-54EC-4EDB-8C2E-6F78BDFC2C90}.Release|x64.Build.0 = Release|x64
		{86F34B10-54EC-4EDB-8C2E-6F78BDFC2C90}.Release|x64.Deploy.0 = Release|x64
		{86F34B10-54EC-4EDB-8C2E-6F78BDFC2C90}.Release|x86.ActiveCfg = Release|x86
		{86F34B10-54EC-4EDB-8C2E-6F78BDFC2C90}.Release|x86.Build.0 = Release|x86
		{86F34B10-54EC-4EDB-8C2E-6F78BDFC2C90}.Release|x86.Deploy.0 = Release|x86
		{B6C59BE6-477C-4391-B975-8F072A5ED0F8}.Debug|ARM.ActiveCfg = Debug|ARM
		{B6C59BE6-477C-4391-B975-8F072A5ED0F8}.Debug|ARM.Build.0 = Debug|ARM
		{B6C59BE6-477C-4391-B975-8F072A5ED0F8}.Debug|ARM.Deploy.0 = Debug|ARM
		{B6C59BE6-477C-4391-B975-8F072A5ED0F8}.Debug|ARM64.ActiveCfg = Debug|ARM64
		{B6C59BE6-477C-4391-B975-8F072A5ED0F8}.Debug|ARM64.Build.0 = Debug|ARM64
		{B6C59BE6-477C-4391-B975-8F072A5ED0F8}.Debug|ARM64.Deploy.0 = Debug|ARM64
		{B6C59BE6-477C-4391-B975-8F072A5ED0F8}.Debug|x64.ActiveCfg = Debug|x64
		{B6C59BE6-477C-4391-B975-8F072A5ED0F8}.Debug|x64.Build.0 = Debug|x64
		{B6C59BE6-477C-4391-B975-8F072A5ED0F8}.Debug|x64.Deploy.0 = Debug|x64
		{B6C59BE6-477C-4391-B975-8F072A5ED0F8}.Debug|x86.ActiveCfg = Debug|x86
		{B6C59BE6-477C-4391-B975-8F072A5ED0F8}.Debug|x86.Build.0 = Debug|x86
		{B6C59BE6-477C-4391-B975-8F072A5ED0F8}.Debug|x86.Deploy.0 = Debug|x86
		{B6C59BE6-477C-4391-B975-8F072A5ED0F8}.Release|ARM.ActiveCfg = Release|ARM
		{B6C59BE6-477C-4391-B975-8F072A5ED0F8}.Release|ARM.Build.0 = Release|ARM
		{B6C59BE6-477C-4391-B975-8F072A5ED0F8}.Release|ARM.Deploy.0 = Release|ARM
		{B6C59BE6-477C-4391-B975-8F072A5ED0F8}.Release|ARM64.ActiveCfg = Release|ARM64
		{B6C59BE6-477C-4391-B975-8F072A5ED0F8}.Release|ARM64.Build.0 = Release|ARM64
		{B6C59BE6-477C-4391-B975-8F072A5ED0F8}.Release|ARM64.Deploy.0 = Release|ARM64
		{B6C59BE6-477C-4391-B975-8F072A5ED0F8}.Release|x64.ActiveCfg = Release|x64
		{B6C59BE6-477C-4391-B975-8F072A5ED0F8}.Release|x64.Build.0 = Release|x64
		{B6C59BE6-477C-4391-B975-8F072A5ED0F8}.Release|x64.Deploy.0 = Release|x64
		{B6C59BE6-477C-4391-B975-8F072A5ED0F8}.Release|x86.ActiveCfg = Release|x86
		{B6C59BE6-477C-4391-B975-8F072A5ED0F8}.Release|x86.Build.0 = Release|x86
		{B6C59BE6-477C-4391-B975-8F072A5ED0F8}.Release|x86.Deploy.0 = Release|x86
	EndGlobalSection
	GlobalSection(SolutionProperties) = preSolution
		HideSolutionNode = FALSE
	EndGlobalSection
	GlobalSection(ExtensibilityGlobals) = postSolution
		SolutionGuid = {D4A60C14-FA89-4F97-8CDF-F8ADA7DEFCC4}
	EndGlobalSection
EndGlobal
